<?xml version="1.0" encoding="UTF-8" standalone="yes" ?>
<CodeBlocks_project_file>
	<FileVersion major="1" minor="6" />
	<Project>
		<Option title="PriceMomentumSingleSec_Dev" />
		<Option pch_mode="2" />
		<Option compiler="gcc" />
		<Build>
			<Target title="Debug">
				<Option output="bin/Debug/PriceMomentumSingleSec_Dev" prefix_auto="1" extension_auto="1" />
				<Option object_output="obj/Debug/" />
				<Option type="1" />
				<Option compiler="gcc" />
				<Compiler>
					<Add option="-std=c++14" />
					<Add option="-g" />
					<Add option="-lcurl" />
					<Add option="-pthread" />
					<Add option="-lcrypto" />
					<Add option="-lssl" />
					<Add directory="../../../../usr/include" />
					<Add directory="../PriceMomentumSingleSec" />
					<Add directory="../../../../usr/include/python2.7" />
					<Add directory="include" />
				</Compiler>
				<Linker>
					<Add library="../../../../usr/lib/x86_64-linux-gnu/libcurl.so" />
					<Add library="../../../../usr/lib/x86_64-linux-gnu/libssl.a" />
					<Add library="../../../../usr/lib/x86_64-linux-gnu/libcrypt.a" />
					<Add library="../../../../usr/lib/x86_64-linux-gnu/libboost_system.a" />
					<Add library="../../../../usr/lib/x86_64-linux-gnu/libz.a" />
					<Add library="../../../../usr/lib/x86_64-linux-gnu/libidn.a" />
					<Add library="../../../../usr/lib/x86_64-linux-gnu/libgssapi_krb5.so.2" />
					<Add library="../../../../usr/lib/x86_64-linux-gnu/libnss3.so" />
					<Add library="../../../../usr/lib/x86_64-linux-gnu/libnss_compat.so" />
					<Add library="../../../../usr/lib/x86_64-linux-gnu/libnss_dns.so" />
					<Add library="../../../../usr/lib/x86_64-linux-gnu/libnss_files.so" />
					<Add library="../../../../usr/lib/x86_64-linux-gnu/libnss_hesiod.so" />
					<Add library="../../../../usr/lib/x86_64-linux-gnu/libnss_nis.so" />
					<Add library="../../../../usr/lib/x86_64-linux-gnu/libnssutil3.so" />
					<Add library="../../../../usr/lib/x86_64-linux-gnu/libc.so" />
					<Add library="../../../../usr/lib/x86_64-linux-gnu/libpython2.7.so" />
					<Add library="../../../../usr/lib/x86_64-linux-gnu/libpthread.so" />
					<Add library="../../../../usr/lib/x86_64-linux-gnu/libboost_thread.so" />
					<Add directory="../../Downloads/boost_1_58_0/bin.v2/libs/system/build/gcc-4.8/release/link-static/threading-multi" />
					<Add directory="../../Downloads/boost_1_58_0/bin.v2/libs/thread/build/gcc-4.8/release/link-static/threading-multi" />
					<Add directory="../../Downloads/boost_1_58_0/bin.v2/libs/context/build/gcc-4.8/release/link-static/threading-multi" />
					<Add directory="../../../../usr/lib/x86_64-linux-gnu" />
				</Linker>
			</Target>
			<Target title="Release">
				<Option output="bin/Release/HttpsTest" prefix_auto="1" extension_auto="1" />
				<Option object_output="obj/Release/" />
				<Option type="1" />
				<Option compiler="gcc" />
				<Compiler>
					<Add option="-O2" />
				</Compiler>
				<Linker>
					<Add option="-s" />
				</Linker>
			</Target>
		</Build>
		<Compiler>
			<Add option="-Wall" />
			<Add option="-fexceptions" />
		</Compiler>
		<Unit filename="BrokerUtil.cpp" />
		<Unit filename="BrokerUtil.hpp" />
		<Unit filename="DrafCode.hpp" />
		<Unit filename="MarketDataPoint.cpp" />
		<Unit filename="MarketDataPoint.hpp" />
		<Unit filename="OrderEngine.hpp" />
		<Unit filename="PriceMomentumSingleSec.cpp" />
		<Unit filename="PriceMomentumSingleSec.hpp" />
		<Unit filename="RHApiCPP.cpp" />
		<Unit filename="RHApiCPP.hpp" />
		<Unit filename="RHApiCPP2.cpp" />
		<Unit filename="RHApiCPP2.hpp" />
		<Unit filename="RHApiPy.cpp" />
		<Unit filename="RHApiPy.hpp" />
		<Unit filename="RawMarketDataPoint.cpp" />
		<Unit filename="RawMarketDataPoint.hpp" />
		<Unit filename="Strategy.hpp" />
		<Unit filename="StrategyExecution.hpp" />
		<Unit filename="main.cpp" />
		<Extensions>
			<code_completion />
			<debugger />
			<envvars />
		</Extensions>
	</Project>
</CodeBlocks_project_file>
